
Microsoft Visual Studio Solution File, Format Version 12.00
# Visual Studio Version 16
VisualStudioVersion = 16.0.29521.150
MinimumVisualStudioVersion = 10.0.40219.1
Project("{FAE04EC0-301F-11D3-BF4B-00C04F79EFBC}") = "MvvmDemo.UI", "MvvmDemo.UI\MvvmDemo.UI.csproj", "{B8BA1E6E-4DC0-46D6-98A6-A79A806E953D}"
EndProject
Project("{9A19103F-16F7-4668-BE54-9A1E7A4F7556}") = "MvvmDemo.Logic", "MvvmDemo.Logic\MvvmDemo.Logic.csproj", "{A666B728-36E2-4A1E-ABF3-583BB3BAF9BC}"
EndProject
Project("{9A19103F-16F7-4668-BE54-9A1E7A4F7556}") = "MvvmDemo.Logic.Tests", "MvvmDemo.Logic.Tests\MvvmDemo.Logic.Tests.csproj", "{637A11DC-31CA-420A-B05D-EB265DFD8EA9}"
EndProject
Project("{FAE04EC0-301F-11D3-BF4B-00C04F79EFBC}") = "MvvmDemo.UI.ViewLogic", "MvvmDemo.UI.ViewLogic\MvvmDemo.UI.ViewLogic.csproj", "{BF10CEBB-9F34-4BBF-B466-FDC482C947C0}"
EndProject
Project("{FAE04EC0-301F-11D3-BF4B-00C04F79EFBC}") = "MvvmDemo.UI.ViewLogic.Tests", "MvvmDemo.UI.ViewLogic.Tests\MvvmDemo.UI.ViewLogic.Tests.csproj", "{5EF8E13E-C4F8-48F6-9400-FB65179175EC}"
EndProject
Global
	GlobalSection(SolutionConfigurationPlatforms) = preSolution
		Debug|Any CPU = Debug|Any CPU
		Release|Any CPU = Release|Any CPU
	EndGlobalSection
	GlobalSection(ProjectConfigurationPlatforms) = postSolution
		{B8BA1E6E-4DC0-46D6-98A6-A79A806E953D}.Debug|Any CPU.ActiveCfg = Debug|Any CPU
		{B8BA1E6E-4DC0-46D6-98A6-A79A806E953D}.Debug|Any CPU.Build.0 = Debug|Any CPU
		{B8BA1E6E-4DC0-46D6-98A6-A79A806E953D}.Release|Any CPU.ActiveCfg = Release|Any CPU
		{B8BA1E6E-4DC0-46D6-98A6-A79A806E953D}.Release|Any CPU.Build.0 = Release|Any CPU
		{A666B728-36E2-4A1E-ABF3-583BB3BAF9BC}.Debug|Any CPU.ActiveCfg = Debug|Any CPU
		{A666B728-36E2-4A1E-ABF3-583BB3BAF9BC}.Debug|Any CPU.Build.0 = Debug|Any CPU
		{A666B728-36E2-4A1E-ABF3-583BB3BAF9BC}.Release|Any CPU.ActiveCfg = Release|Any CPU
		{A666B728-36E2-4A1E-ABF3-583BB3BAF9BC}.Release|Any CPU.Build.0 = Release|Any CPU
		{637A11DC-31CA-420A-B05D-EB265DFD8EA9}.Debug|Any CPU.ActiveCfg = Debug|Any CPU
		{637A11DC-31CA-420A-B05D-EB265DFD8EA9}.Debug|Any CPU.Build.0 = Debug|Any CPU
		{637A11DC-31CA-420A-B05D-EB265DFD8EA9}.Release|Any CPU.ActiveCfg = Release|Any CPU
		{637A11DC-31CA-420A-B05D-EB265DFD8EA9}.Release|Any CPU.Build.0 = Release|Any CPU
		{BF10CEBB-9F34-4BBF-B466-FDC482C947C0}.Debug|Any CPU.ActiveCfg = Debug|Any CPU
		{BF10CEBB-9F34-4BBF-B466-FDC482C947C0}.Debug|Any CPU.Build.0 = Debug|Any CPU
		{BF10CEBB-9F34-4BBF-B466-FDC482C947C0}.Release|Any CPU.ActiveCfg = Release|Any CPU
		{BF10CEBB-9F34-4BBF-B466-FDC482C947C0}.Release|Any CPU.Build.0 = Release|Any CPU
		{5EF8E13E-C4F8-48F6-9400-FB65179175EC}.Debug|Any CPU.ActiveCfg = Debug|Any CPU
		{5EF8E13E-C4F8-48F6-9400-FB65179175EC}.Debug|Any CPU.Build.0 = Debug|Any CPU
		{5EF8E13E-C4F8-48F6-9400-FB65179175EC}.Release|Any CPU.ActiveCfg = Release|Any CPU
		{5EF8E13E-C4F8-48F6-9400-FB65179175EC}.Release|Any CPU.Build.0 = Release|Any CPU
	EndGlobalSection
	GlobalSection(SolutionProperties) = preSolution
		HideSolutionNode = FALSE
	EndGlobalSection
	GlobalSection(ExtensibilityGlobals) = postSolution
		SolutionGuid = {0AAB14D8-DF5E-4F2C-AD7B-8773E39F04E9}
	EndGlobalSection
EndGlobal
